
Microsoft Visual Studio Solution File, Format Version 12.00
Project("{FAE04EC0-301F-11D3-BF4B-00C04F79EFBC}") = "Max.Min.Avg", "Max.Min.Avg\Max.Min.Avg.csproj", "{9561B01E-C520-41AE-8AB6-6F7948E941F8}"
EndProject
Global
	GlobalSection(SolutionConfigurationPlatforms) = preSolution
		Debug|Any CPU = Debug|Any CPU
		Release|Any CPU = Release|Any CPU
	EndGlobalSection
	GlobalSection(ProjectConfigurationPlatforms) = postSolution
		{9561B01E-C520-41AE-8AB6-6F7948E941F8}.Debug|Any CPU.ActiveCfg = Debug|Any CPU
		{9561B01E-C520-41AE-8AB6-6F7948E941F8}.Debug|Any CPU.Build.0 = Debug|Any CPU
		{9561B01E-C520-41AE-8AB6-6F7948E941F8}.Release|Any CPU.ActiveCfg = Release|Any CPU
		{9561B01E-C520-41AE-8AB6-6F7948E941F8}.Release|Any CPU.Build.0 = Release|Any CPU
	EndGlobalSection
EndGlobal
